
Microsoft Visual Studio Solution File, Format Version 12.00
# Visual Studio 2013
VisualStudioVersion = 12.0.21005.1
MinimumVisualStudioVersion = 10.0.40219.1
Project("{8BC9CEB8-8B4A-11D0-8D11-00A0C91BC942}") = "八皇后", "八皇后.vcxproj", "{8AC4B8A1-50DC-47D5-B179-9A6D8DAC7099}"
EndProject
Global
	GlobalSection(SolutionConfigurationPlatforms) = preSolution
		Debug|Win32 = Debug|Win32
		Release|Win32 = Release|Win32
	EndGlobalSection
	GlobalSection(ProjectConfigurationPlatforms) = postSolution
		{8AC4B8A1-50DC-47D5-B179-9A6D8DAC7099}.Debug|Win32.ActiveCfg = Debug|Win32
		{8AC4B8A1-50DC-47D5-B179-9A6D8DAC7099}.Debug|Win32.Build.0 = Debug|Win32
		{8AC4B8A1-50DC-47D5-B179-9A6D8DAC7099}.Release|Win32.ActiveCfg = Release|Win32
		{8AC4B8A1-50DC-47D5-B179-9A6D8DAC7099}.Release|Win32.Build.0 = Release|Win32
	EndGlobalSection
	GlobalSection(SolutionProperties) = preSolution
		HideSolutionNode = FALSE
	EndGlobalSection
EndGlobal
